PODS:
  - SwiftCharts (0.4)

DEPENDENCIES:
  - SwiftCharts (from `https://github.com/i-schuetz/SwiftCharts.git`)

EXTERNAL SOURCES:
  SwiftCharts:
    :git: https://github.com/i-schuetz/SwiftCharts.git

CHECKOUT OPTIONS:
  SwiftCharts:
    :commit: 0d28d2627b8ddc7ef18407b16fbd7aad3623c231
    :git: https://github.com/i-schuetz/SwiftCharts.git

SPEC CHECKSUMS:
  SwiftCharts: 84b43d9d70b791459ff5f50ae5a6704326de309d

PODFILE CHECKSUM: 4dabd456c5509fbd25886acd7c0afb22196048c1

COCOAPODS: 1.1.0.rc.2
