// !$*UTF8*$!
{
	archiveVersion = 1;
	classes = {
	};
	objectVersion = 46;
	objects = {

/* Begin PBXBuildFile section */
		5B3826312FFAD3BCF096AC49 /* Pods_CornellHack.framework in Frameworks */ = {isa = PBXBuildFile; fileRef = 850ED812BD5D5AC869E62415 /* Pods_CornellHack.framework */; };
		BA0538F51D8DDEB900A05AB8 /* GoogleService-Info.plist in Resources */ = {isa = PBXBuildFile; fileRef = BA0538F41D8DDEB900A05AB8 /* GoogleService-Info.plist */; };
		BA0538F71D8E289D00A05AB8 /* LineGraphViewController.swift in Sources */ = {isa = PBXBuildFile; fileRef = BA0538F61D8E289D00A05AB8 /* LineGraphViewController.swift */; };
		BA0538F91D8E30B500A05AB8 /* ImportedJsonViewController.swift in Sources */ = {isa = PBXBuildFile; fileRef = BA0538F81D8E30B500A05AB8 /* ImportedJsonViewController.swift */; };
		BA0538FB1D8E347000A05AB8 /* Trump.swift in Sources */ = {isa = PBXBuildFile; fileRef = BA0538FA1D8E347000A05AB8 /* Trump.swift */; };
		BA0538FD1D8E381100A05AB8 /* Clinton.swift in Sources */ = {isa = PBXBuildFile; fileRef = BA0538FC1D8E381100A05AB8 /* Clinton.swift */; };
		BA2FDEF21D8CEC6800ADDC9F /* AppDelegate.swift in Sources */ = {isa = PBXBuildFile; fileRef = BA2FDEF11D8CEC6800ADDC9F /* AppDelegate.swift */; };
		BA2FDEF71D8CEC6800ADDC9F /* Main.storyboard in Resources */ = {isa = PBXBuildFile; fileRef = BA2FDEF51D8CEC6800ADDC9F /* Main.storyboard */; };
		BA2FDEF91D8CEC6800ADDC9F /* Assets.xcassets in Resources */ = {isa = PBXBuildFile; fileRef = BA2FDEF81D8CEC6800ADDC9F /* Assets.xcassets */; };
		BA2FDEFC1D8CEC6800ADDC9F /* LaunchScreen.storyboard in Resources */ = {isa = PBXBuildFile; fileRef = BA2FDEFA1D8CEC6800ADDC9F /* LaunchScreen.storyboard */; };
		BACBB4101D8CF33F0067BEFF /* GraphViewController.swift in Sources */ = {isa = PBXBuildFile; fileRef = BACBB40F1D8CF33F0067BEFF /* GraphViewController.swift */; };
/* End PBXBuildFile section */

/* Begin PBXFileReference section */
		0B65282B309E71D6FB55C4BC /* Pods-CornellHack.release.xcconfig */ = {isa = PBXFileReference; includeInIndex = 1; lastKnownFileType = text.xcconfig; name = "Pods-CornellHack.release.xcconfig"; path = "Pods/Target Support Files/Pods-CornellHack/Pods-CornellHack.release.xcconfig"; sourceTree = "<group>"; };
		850ED812BD5D5AC869E62415 /* Pods_CornellHack.framework */ = {isa = PBXFileReference; explicitFileType = wrapper.framework; includeInIndex = 0; path = Pods_CornellHack.framework; sourceTree = BUILT_PRODUCTS_DIR; };
		BA0538F41D8DDEB900A05AB8 /* GoogleService-Info.plist */ = {isa = PBXFileReference; fileEncoding = 4; lastKnownFileType = text.plist.xml; path = "GoogleService-Info.plist"; sourceTree = "<group>"; };
		BA0538F61D8E289D00A05AB8 /* LineGraphViewController.swift */ = {isa = PBXFileReference; fileEncoding = 4; lastKnownFileType = sourcecode.swift; path = LineGraphViewController.swift; sourceTree = "<group>"; };
		BA0538F81D8E30B500A05AB8 /* ImportedJsonViewController.swift */ = {isa = PBXFileReference; fileEncoding = 4; lastKnownFileType = sourcecode.swift; path = ImportedJsonViewController.swift; sourceTree = "<group>"; };
		BA0538FA1D8E347000A05AB8 /* Trump.swift */ = {isa = PBXFileReference; fileEncoding = 4; lastKnownFileType = sourcecode.swift; path = Trump.swift; sourceTree = "<group>"; };
		BA0538FC1D8E381100A05AB8 /* Clinton.swift */ = {isa = PBXFileReference; fileEncoding = 4; lastKnownFileType = sourcecode.swift; path = Clinton.swift; sourceTree = "<group>"; };
		BA2FDEEE1D8CEC6800ADDC9F /* CornellHack.app */ = {isa = PBXFileReference; explicitFileType = wrapper.application; includeInIndex = 0; path = CornellHack.app; sourceTree = BUILT_PRODUCTS_DIR; };
		BA2FDEF11D8CEC6800ADDC9F /* AppDelegate.swift */ = {isa = PBXFileReference; lastKnownFileType = sourcecode.swift; path = AppDelegate.swift; sourceTree = "<group>"; };
		BA2FDEF61D8CEC6800ADDC9F /* Base */ = {isa = PBXFileReference; lastKnownFileType = file.storyboard; name = Base; path = Base.lproj/Main.storyboard; sourceTree = "<group>"; };
		BA2FDEF81D8CEC6800ADDC9F /* Assets.xcassets */ = {isa = PBXFileReference; lastKnownFileType = folder.assetcatalog; path = Assets.xcassets; sourceTree = "<group>"; };
		BA2FDEFB1D8CEC6800ADDC9F /* Base */ = {isa = PBXFileReference; lastKnownFileType = file.storyboard; name = Base; path = Base.lproj/LaunchScreen.storyboard; sourceTree = "<group>"; };
		BA2FDEFD1D8CEC6800ADDC9F /* Info.plist */ = {isa = PBXFileReference; lastKnownFileType = text.plist.xml; path = Info.plist; sourceTree = "<group>"; };
		BACBB40F1D8CF33F0067BEFF /* GraphViewController.swift */ = {isa = PBXFileReference; fileEncoding = 4; lastKnownFileType = sourcecode.swift; path = GraphViewController.swift; sourceTree = "<group>"; };
		C7015C62352EC465B61A2125 /* Pods-CornellHack.debug.xcconfig */ = {isa = PBXFileReference; includeInIndex = 1; lastKnownFileType = text.xcconfig; name = "Pods-CornellHack.debug.xcconfig"; path = "Pods/Target Support Files/Pods-CornellHack/Pods-CornellHack.debug.xcconfig"; sourceTree = "<group>"; };
/* End PBXFileReference section */

/* Begin PBXFrameworksBuildPhase section */
		BA2FDEEB1D8CEC6800ADDC9F /* Frameworks */ = {
			isa = PBXFrameworksBuildPhase;
			buildActionMask = 2147483647;
			files = (
				5B3826312FFAD3BCF096AC49 /* Pods_CornellHack.framework in Frameworks */,
			);
			runOnlyForDeploymentPostprocessing = 0;
		};
/* End PBXFrameworksBuildPhase section */

/* Begin PBXGroup section */
		6F308B198A2887BF04BD85B1 /* Pods */ = {
			isa = PBXGroup;
			children = (
				C7015C62352EC465B61A2125 /* Pods-CornellHack.debug.xcconfig */,
				0B65282B309E71D6FB55C4BC /* Pods-CornellHack.release.xcconfig */,
			);
			name = Pods;
			sourceTree = "<group>";
		};
		BA2FDEE51D8CEC6800ADDC9F = {
			isa = PBXGroup;
			children = (
				BA2FDEF01D8CEC6800ADDC9F /* CornellHack */,
				BA2FDEEF1D8CEC6800ADDC9F /* Products */,
				6F308B198A2887BF04BD85B1 /* Pods */,
				F8D879E80936B37C41D307C2 /* Frameworks */,
			);
			sourceTree = "<group>";
		};
		BA2FDEEF1D8CEC6800ADDC9F /* Products */ = {
			isa = PBXGroup;
			children = (
				BA2FDEEE1D8CEC6800ADDC9F /* CornellHack.app */,
			);
			name = Products;
			sourceTree = "<group>";
		};
		BA2FDEF01D8CEC6800ADDC9F /* CornellHack */ = {
			isa = PBXGroup;
			children = (
				BA2FDEF11D8CEC6800ADDC9F /* AppDelegate.swift */,
				BACBB40F1D8CF33F0067BEFF /* GraphViewController.swift */,
				BA2FDEF51D8CEC6800ADDC9F /* Main.storyboard */,
				BA2FDEF81D8CEC6800ADDC9F /* Assets.xcassets */,
				BA2FDEFA1D8CEC6800ADDC9F /* LaunchScreen.storyboard */,
				BA2FDEFD1D8CEC6800ADDC9F /* Info.plist */,
				BA0538F41D8DDEB900A05AB8 /* GoogleService-Info.plist */,
				BA0538F61D8E289D00A05AB8 /* LineGraphViewController.swift */,
				BA0538F81D8E30B500A05AB8 /* ImportedJsonViewController.swift */,
				BA0538FA1D8E347000A05AB8 /* Trump.swift */,
				BA0538FC1D8E381100A05AB8 /* Clinton.swift */,
			);
			path = CornellHack;
			sourceTree = "<group>";
		};
		F8D879E80936B37C41D307C2 /* Frameworks */ = {
			isa = PBXGroup;
			children = (
				850ED812BD5D5AC869E62415 /* Pods_CornellHack.framework */,
			);
			name = Frameworks;
			sourceTree = "<group>";
		};
/* End PBXGroup section */

/* Begin PBXNativeTarget section */
		BA2FDEED1D8CEC6800ADDC9F /* CornellHack */ = {
			isa = PBXNativeTarget;
			buildConfigurationList = BA2FDF001D8CEC6800ADDC9F /* Build configuration list for PBXNativeTarget "CornellHack" */;
			buildPhases = (
				B27E0958CD4FF992D8FC4C6C /* [CP] Check Pods Manifest.lock */,
				BA2FDEEA1D8CEC6800ADDC9F /* Sources */,
				BA2FDEEB1D8CEC6800ADDC9F /* Frameworks */,
				BA2FDEEC1D8CEC6800ADDC9F /* Resources */,
				D36C43DDDB30470AE5C85E16 /* [CP] Embed Pods Frameworks */,
				050CA3AC53D6487E071FEAC8 /* [CP] Copy Pods Resources */,
			);
			buildRules = (
			);
			dependencies = (
			);
			name = CornellHack;
			productName = CornellHack;
			productReference = BA2FDEEE1D8CEC6800ADDC9F /* CornellHack.app */;
			productType = "com.apple.product-type.application";
		};
/* End PBXNativeTarget section */

/* Begin PBXProject section */
		BA2FDEE61D8CEC6800ADDC9F /* Project object */ = {
			isa = PBXProject;
			attributes = {
				LastSwiftUpdateCheck = 0800;
				LastUpgradeCheck = 0800;
				ORGANIZATIONNAME = "Jacob Siegel";
				TargetAttributes = {
					BA2FDEED1D8CEC6800ADDC9F = {
						CreatedOnToolsVersion = 8.0;
						DevelopmentTeam = 9K6WT75NUU;
						ProvisioningStyle = Automatic;
					};
				};
			};
			buildConfigurationList = BA2FDEE91D8CEC6800ADDC9F /* Build configuration list for PBXProject "CornellHack" */;
			compatibilityVersion = "Xcode 3.2";
			developmentRegion = English;
			hasScannedForEncodings = 0;
			knownRegions = (
				en,
				Base,
			);
			mainGroup = BA2FDEE51D8CEC6800ADDC9F;
			productRefGroup = BA2FDEEF1D8CEC6800ADDC9F /* Products */;
			projectDirPath = "";
			projectRoot = "";
			targets = (
				BA2FDEED1D8CEC6800ADDC9F /* CornellHack */,
			);
		};
/* End PBXProject section */

/* Begin PBXResourcesBuildPhase section */
		BA2FDEEC1D8CEC6800ADDC9F /* Resources */ = {
			isa = PBXResourcesBuildPhase;
			buildActionMask = 2147483647;
			files = (
				BA0538F51D8DDEB900A05AB8 /* GoogleService-Info.plist in Resources */,
				BA2FDEFC1D8CEC6800ADDC9F /* LaunchScreen.storyboard in Resources */,
				BA2FDEF91D8CEC6800ADDC9F /* Assets.xcassets in Resources */,
				BA2FDEF71D8CEC6800ADDC9F /* Main.storyboard in Resources */,
			);
			runOnlyForDeploymentPostprocessing = 0;
		};
/* End PBXResourcesBuildPhase section */

/* Begin PBXShellScriptBuildPhase section */
		050CA3AC53D6487E071FEAC8 /* [CP] Copy Pods Resources */ = {
			isa = PBXShellScriptBuildPhase;
			buildActionMask = 2147483647;
			files = (
			);
			inputPaths = (
			);
			name = "[CP] Copy Pods Resources";
			outputPaths = (
			);
			runOnlyForDeploymentPostprocessing = 0;
			shellPath = /bin/sh;
			shellScript = "\"${SRCROOT}/Pods/Target Support Files/Pods-CornellHack/Pods-CornellHack-resources.sh\"\n";
			showEnvVarsInLog = 0;
		};
		B27E0958CD4FF992D8FC4C6C /* [CP] Check Pods Manifest.lock */ = {
			isa = PBXShellScriptBuildPhase;
			buildActionMask = 2147483647;
			files = (
			);
			inputPaths = (
			);
			name = "[CP] Check Pods Manifest.lock";
			outputPaths = (
			);
			runOnlyForDeploymentPostprocessing = 0;
			shellPath = /bin/sh;
			shellScript = "diff \"${PODS_ROOT}/../Podfile.lock\" \"${PODS_ROOT}/Manifest.lock\" > /dev/null\nif [ $? != 0 ] ; then\n    # print error to STDERR\n    echo \"error: The sandbox is not in sync with the Podfile.lock. Run 'pod install' or update your CocoaPods installation.\" >&2\n    exit 1\nfi\n";
			showEnvVarsInLog = 0;
		};
		D36C43DDDB30470AE5C85E16 /* [CP] Embed Pods Frameworks */ = {
			isa = PBXShellScriptBuildPhase;
			buildActionMask = 2147483647;
			files = (
			);
			inputPaths = (
			);
			name = "[CP] Embed Pods Frameworks";
			outputPaths = (
			);
			runOnlyForDeploymentPostprocessing = 0;
			shellPath = /bin/sh;
			shellScript = "\"${SRCROOT}/Pods/Target Support Files/Pods-CornellHack/Pods-CornellHack-frameworks.sh\"\n";
			showEnvVarsInLog = 0;
		};
/* End PBXShellScriptBuildPhase section */

/* Begin PBXSourcesBuildPhase section */
		BA2FDEEA1D8CEC6800ADDC9F /* Sources */ = {
			isa = PBXSourcesBuildPhase;
			buildActionMask = 2147483647;
			files = (
				BA0538FB1D8E347000A05AB8 /* Trump.swift in Sources */,
				BA0538FD1D8E381100A05AB8 /* Clinton.swift in Sources */,
				BA0538F91D8E30B500A05AB8 /* ImportedJsonViewController.swift in Sources */,
				BA2FDEF21D8CEC6800ADDC9F /* AppDelegate.swift in Sources */,
				BACBB4101D8CF33F0067BEFF /* GraphViewController.swift in Sources */,
				BA0538F71D8E289D00A05AB8 /* LineGraphViewController.swift in Sources */,
			);
			runOnlyForDeploymentPostprocessing = 0;
		};
/* End PBXSourcesBuildPhase section */

/* Begin PBXVariantGroup section */
		BA2FDEF51D8CEC6800ADDC9F /* Main.storyboard */ = {
			isa = PBXVariantGroup;
			children = (
				BA2FDEF61D8CEC6800ADDC9F /* Base */,
			);
			name = Main.storyboard;
			sourceTree = "<group>";
		};
		BA2FDEFA1D8CEC6800ADDC9F /* LaunchScreen.storyboard */ = {
			isa = PBXVariantGroup;
			children = (
				BA2FDEFB1D8CEC6800ADDC9F /* Base */,
			);
			name = LaunchScreen.storyboard;
			sourceTree = "<group>";
		};
/* End PBXVariantGroup section */

/* Begin XCBuildConfiguration section */
		BA2FDEFE1D8CEC6800ADDC9F /* Debug */ = {
			isa = XCBuildConfiguration;
			buildSettings = {
				ALWAYS_SEARCH_USER_PATHS = NO;
				CLANG_ANALYZER_NONNULL = YES;
				CLANG_CXX_LANGUAGE_STANDARD = "gnu++0x";
				CLANG_CXX_LIBRARY = "libc++";
				CLANG_ENABLE_MODULES = YES;
				CLANG_ENABLE_OBJC_ARC = YES;
				CLANG_WARN_BOOL_CONVERSION = YES;
				CLANG_WARN_CONSTANT_CONVERSION = YES;
				CLANG_WARN_DIRECT_OBJC_ISA_USAGE = YES_ERROR;
				CLANG_WARN_DOCUMENTATION_COMMENTS = YES;
				CLANG_WARN_EMPTY_BODY = YES;
				CLANG_WARN_ENUM_CONVERSION = YES;
				CLANG_WARN_INFINITE_RECURSION = YES;
				CLANG_WARN_INT_CONVERSION = YES;
				CLANG_WARN_OBJC_ROOT_CLASS = YES_ERROR;
				CLANG_WARN_SUSPICIOUS_MOVE = YES;
				CLANG_WARN_SUSPICIOUS_MOVES = YES;
				CLANG_WARN_UNREACHABLE_CODE = YES;
				CLANG_WARN__DUPLICATE_METHOD_MATCH = YES;
				"CODE_SIGN_IDENTITY[sdk=iphoneos*]" = "iPhone Developer";
				COPY_PHASE_STRIP = NO;
				DEBUG_INFORMATION_FORMAT = dwarf;
				ENABLE_STRICT_OBJC_MSGSEND = YES;
				ENABLE_TESTABILITY = YES;
				GCC_C_LANGUAGE_STANDARD = gnu99;
				GCC_DYNAMIC_NO_PIC = NO;
				GCC_NO_COMMON_BLOCKS = YES;
				GCC_OPTIMIZATION_LEVEL = 0;
				GCC_PREPROCESSOR_DEFINITIONS = (
					"DEBUG=1",
					"$(inherited)",
				);
				GCC_WARN_64_TO_32_BIT_CONVERSION = YES;
				GCC_WARN_ABOUT_RETURN_TYPE = YES_ERROR;
				GCC_WARN_UNDECLARED_SELECTOR = YES;
				GCC_WARN_UNINITIALIZED_AUTOS = YES_AGGRESSIVE;
				GCC_WARN_UNUSED_FUNCTION = YES;
				GCC_WARN_UNUSED_VARIABLE = YES;
				"HEADER_SEARCH_PATHS[arch=*]" = "$(inherited)";
				IPHONEOS_DEPLOYMENT_TARGET = 10.0;
				MTL_ENABLE_DEBUG_INFO = YES;
				ONLY_ACTIVE_ARCH = YES;
				SDKROOT = iphoneos;
				SWIFT_ACTIVE_COMPILATION_CONDITIONS = DEBUG;
				SWIFT_OPTIMIZATION_LEVEL = "-Onone";
			};
			name = Debug;
		};
		BA2FDEFF1D8CEC6800ADDC9F /* Release */ = {
			isa = XCBuildConfiguration;
			buildSettings = {
				ALWAYS_SEARCH_USER_PATHS = NO;
				CLANG_ANALYZER_NONNULL = YES;
				CLANG_CXX_LANGUAGE_STANDARD = "gnu++0x";
				CLANG_CXX_LIBRARY = "libc++";
				CLANG_ENABLE_MODULES = YES;
				CLANG_ENABLE_OBJC_ARC = YES;
				CLANG_WARN_BOOL_CONVERSION = YES;
				CLANG_WARN_CONSTANT_CONVERSION = YES;
				CLANG_WARN_DIRECT_OBJC_ISA_USAGE = YES_ERROR;
				CLANG_WARN_DOCUMENTATION_COMMENTS = YES;
				CLANG_WARN_EMPTY_BODY = YES;
				CLANG_WARN_ENUM_CONVERSION = YES;
				CLANG_WARN_INFINITE_RECURSION = YES;
				CLANG_WARN_INT_CONVERSION = YES;
				CLANG_WARN_OBJC_ROOT_CLASS = YES_ERROR;
				CLANG_WARN_SUSPICIOUS_MOVE = YES;
				CLANG_WARN_SUSPICIOUS_MOVES = YES;
				CLANG_WARN_UNREACHABLE_CODE = YES;
				CLANG_WARN__DUPLICATE_METHOD_MATCH = YES;
				"CODE_SIGN_IDENTITY[sdk=iphoneos*]" = "iPhone Developer";
				COPY_PHASE_STRIP = NO;
				DEBUG_INFORMATION_FORMAT = "dwarf-with-dsym";
				ENABLE_NS_ASSERTIONS = NO;
				ENABLE_STRICT_OBJC_MSGSEND = YES;
				GCC_C_LANGUAGE_STANDARD = gnu99;
				GCC_NO_COMMON_BLOCKS = YES;
				GCC_WARN_64_TO_32_BIT_CONVERSION = YES;
				GCC_WARN_ABOUT_RETURN_TYPE = YES_ERROR;
				GCC_WARN_UNDECLARED_SELECTOR = YES;
				GCC_WARN_UNINITIALIZED_AUTOS = YES_AGGRESSIVE;
				GCC_WARN_UNUSED_FUNCTION = YES;
				GCC_WARN_UNUSED_VARIABLE = YES;
				"HEADER_SEARCH_PATHS[arch=*]" = "$(inherited)";
				IPHONEOS_DEPLOYMENT_TARGET = 10.0;
				MTL_ENABLE_DEBUG_INFO = NO;
				SDKROOT = iphoneos;
				SWIFT_OPTIMIZATION_LEVEL = "-Owholemodule";
				VALIDATE_PRODUCT = YES;
			};
			name = Release;
		};
		BA2FDF011D8CEC6800ADDC9F /* Debug */ = {
			isa = XCBuildConfiguration;
			baseConfigurationReference = C7015C62352EC465B61A2125 /* Pods-CornellHack.debug.xcconfig */;
			buildSettings = {
				ALWAYS_EMBED_SWIFT_STANDARD_LIBRARIES = YES;
				ASSETCATALOG_COMPILER_APPICON_NAME = AppIcon;
				DEVELOPMENT_TEAM = 9K6WT75NUU;
				INFOPLIST_FILE = CornellHack/Info.plist;
				LD_RUNPATH_SEARCH_PATHS = "$(inherited) @executable_path/Frameworks";
				"OTHER_LDFLAGS[arch=*]" = "$(inherited) ";
				PRODUCT_BUNDLE_IDENTIFIER = com.jms35.CornellHack;
				PRODUCT_NAME = "$(TARGET_NAME)";
				SWIFT_VERSION = 3.0;
			};
			name = Debug;
		};
		BA2FDF021D8CEC6800ADDC9F /* Release */ = {
			isa = XCBuildConfiguration;
			baseConfigurationReference = 0B65282B309E71D6FB55C4BC /* Pods-CornellHack.release.xcconfig */;
			buildSettings = {
				ALWAYS_EMBED_SWIFT_STANDARD_LIBRARIES = YES;
				ASSETCATALOG_COMPILER_APPICON_NAME = AppIcon;
				DEVELOPMENT_TEAM = 9K6WT75NUU;
				INFOPLIST_FILE = CornellHack/Info.plist;
				LD_RUNPATH_SEARCH_PATHS = "$(inherited) @executable_path/Frameworks";
				"OTHER_LDFLAGS[arch=*]" = "$(inherited) ";
				PRODUCT_BUNDLE_IDENTIFIER = com.jms35.CornellHack;
				PRODUCT_NAME = "$(TARGET_NAME)";
				SWIFT_VERSION = 3.0;
			};
			name = Release;
		};
/* End XCBuildConfiguration section */

/* Begin XCConfigurationList section */
		BA2FDEE91D8CEC6800ADDC9F /* Build configuration list for PBXProject "CornellHack" */ = {
			isa = XCConfigurationList;
			buildConfigurations = (
				BA2FDEFE1D8CEC6800ADDC9F /* Debug */,
				BA2FDEFF1D8CEC6800ADDC9F /* Release */,
			);
			defaultConfigurationIsVisible = 0;
			defaultConfigurationName = Release;
		};
		BA2FDF001D8CEC6800ADDC9F /* Build configuration list for PBXNativeTarget "CornellHack" */ = {
			isa = XCConfigurationList;
			buildConfigurations = (
				BA2FDF011D8CEC6800ADDC9F /* Debug */,
				BA2FDF021D8CEC6800ADDC9F /* Release */,
			);
			defaultConfigurationIsVisible = 0;
			defaultConfigurationName = Release;
		};
/* End XCConfigurationList section */
	};
	rootObject = BA2FDEE61D8CEC6800ADDC9F /* Project object */;
}
